# Generated by pub
# See https://dart.dev/tools/pub/glossary#lockfile
packages:
  camera:
    dependency: transitive
    description:
      name: camera
      sha256: dfa8fc5a1adaeb95e7a54d86a5bd56f4bb0e035515354c8ac6d262e35cec2ec8
      url: "https://pub.dev"
    source: hosted
    version: "0.10.6"
  camera_android:
    dependency: transitive
    description:
      name: camera_android
      sha256: "007c57cdcace4751014071e3d42f2eb8a64a519254abed35b714223d81d66234"
      url: "https://pub.dev"
    source: hosted
    version: "0.10.10"
  camera_avfoundation:
    dependency: transitive
    description:
      name: camera_avfoundation
      sha256: "49cc403dc2aec719cc70ba23419c932f1245d990e43f3c8336014b895751454a"
      url: "https://pub.dev"
    source: hosted
    version: "0.9.18+4"
  camera_platform_interface:
    dependency: transitive
    description:
      name: camera_platform_interface
      sha256: "953e7baed3a7c8fae92f7200afeb2be503ff1a17c3b4e4ed7b76f008c2810a31"
      url: "https://pub.dev"
    source: hosted
    version: "2.9.0"
  camera_web:
    dependency: transitive
    description:
      name: camera_web
      sha256: "595f28c89d1fb62d77c73c633193755b781c6d2e0ebcd8dc25b763b514e6ba8f"
      url: "https://pub.dev"
    source: hosted
    version: "0.3.5"
  characters:
    dependency: transitive
    description:
      name: characters
      sha256: "04a925763edad70e8443c99234dc3328f442e811f1d8fd1a72f1c8ad0f69a605"
      url: "https://pub.dev"
    source: hosted
    version: "1.3.0"
  collection:
    dependency: transitive
    description:
      name: collection
      sha256: a1ace0a119f20aabc852d165077c036cd864315bd99b7eaa10a60100341941bf
      url: "https://pub.dev"
    source: hosted
    version: "1.19.0"
  common:
    dependency: "direct main"
    description:
      path: "../common"
      relative: true
    source: path
    version: "0.0.0"
  cross_file:
    dependency: transitive
    description:
      name: cross_file
      sha256: "7caf6a750a0c04effbb52a676dce9a4a592e10ad35c34d6d2d0e4811160d5670"
      url: "https://pub.dev"
    source: hosted
    version: "0.3.4+2"
  equatable:
    dependency: transitive
    description:
      name: equatable
      sha256: "567c64b3cb4cf82397aac55f4f0cbd3ca20d77c6c03bedbc4ceaddc08904aef7"
      url: "https://pub.dev"
    source: hosted
    version: "2.0.7"
  fast_immutable_collections:
    dependency: "direct main"
    description:
      name: fast_immutable_collections
      sha256: "95a69b9380483dff49ae2c12c9eb92e2b4e1aeff481a33c2a20883471771598a"
      url: "https://pub.dev"
    source: hosted
    version: "11.0.3"
  flutter:
    dependency: "direct main"
    description: flutter
    source: sdk
    version: "0.0.0"
  flutter_plugin_android_lifecycle:
    dependency: transitive
    description:
      name: flutter_plugin_android_lifecycle
      sha256: "615a505aef59b151b46bbeef55b36ce2b6ed299d160c51d84281946f0aa0ce0e"
      url: "https://pub.dev"
    source: hosted
    version: "2.0.24"
  flutter_web_plugins:
    dependency: transitive
    description: flutter
    source: sdk
    version: "0.0.0"
  google_mlkit_commons:
    dependency: transitive
    description:
      name: google_mlkit_commons
      sha256: "7e9a6d6e66b44aa8cfe944bda9bc3346c52486dd890ca49e5bc98845cda40d7f"
      url: "https://pub.dev"
    source: hosted
    version: "0.9.0"
  google_mlkit_pose_detection:
    dependency: transitive
    description:
      name: google_mlkit_pose_detection
      sha256: "05c4a6eaab12e575a55c83b357d76c1f694be5caf1dc8d5229a18327712f6685"
      url: "https://pub.dev"
    source: hosted
    version: "0.13.0"
  material_color_utilities:
    dependency: transitive
    description:
      name: material_color_utilities
      sha256: f7142bb1154231d7ea5f96bc7bde4bda2a0945d2806bb11670e30b850d56bdec
      url: "https://pub.dev"
    source: hosted
    version: "0.11.1"
  meta:
    dependency: transitive
    description:
      name: meta
      sha256: bdb68674043280c3428e9ec998512fb681678676b3c54e773629ffe74419f8c7
      url: "https://pub.dev"
    source: hosted
    version: "1.15.0"
  plugin_platform_interface:
    dependency: transitive
    description:
      name: plugin_platform_interface
      sha256: "4820fbfdb9478b1ebae27888254d445073732dae3d6ea81f0b7e06d5dedc3f02"
      url: "https://pub.dev"
    source: hosted
    version: "2.1.8"
  pose:
    dependency: "direct main"
    description:
      path: "../pose"
      relative: true
    source: path
    version: "0.0.0"
  rula:
    dependency: "direct main"
    description:
      path: "../rula"
      relative: true
    source: path
    version: "0.0.0"
  sky_engine:
    dependency: transitive
    description: flutter
    source: sdk
    version: "0.0.0"
  stream_transform:
    dependency: transitive
    description:
      name: stream_transform
      sha256: ad47125e588cfd37a9a7f86c7d6356dde8dfe89d071d293f80ca9e9273a33871
      url: "https://pub.dev"
    source: hosted
    version: "2.1.1"
  vector_math:
    dependency: "direct main"
    description:
      name: vector_math
      sha256: "80b3257d1492ce4d091729e3a67a60407d227c27241d6927be0130c98e741803"
      url: "https://pub.dev"
    source: hosted
    version: "2.1.4"
  web:
    dependency: transitive
    description:
      name: web
      sha256: cd3543bd5798f6ad290ea73d210f423502e71900302dde696f8bff84bf89a1cb
      url: "https://pub.dev"
    source: hosted
    version: "1.1.0"
sdks:
  dart: ">=3.5.0 <4.0.0"
  flutter: ">=3.24.0"
